
Microsoft Visual Studio Solution File, Format Version 12.00
# Visual Studio 14
VisualStudioVersion = 14.0.25420.1
MinimumVisualStudioVersion = 10.0.40219.1
Project("{2150E333-8FDC-42A3-9474-1A3956D46DE8}") = "mundipagg", "mundipagg", "{7EBA7740-FE8F-428C-9439-DA11B484E1D0}"
EndProject
Project("{2150E333-8FDC-42A3-9474-1A3956D46DE8}") = "stripe", "stripe", "{FEBE792A-0229-4A28-95DD-4174B84D555A}"
EndProject
Project("{2150E333-8FDC-42A3-9474-1A3956D46DE8}") = "src", "src", "{F48E63FF-DBB8-4898-AD9C-DDBDDE30133E}"
EndProject
Project("{2150E333-8FDC-42A3-9474-1A3956D46DE8}") = "tests", "tests", "{0246BC52-8E3D-4417-B096-8DE9A0082819}"
EndProject
Project("{2150E333-8FDC-42A3-9474-1A3956D46DE8}") = "src", "src", "{7B3381C5-BC2F-4CA6-9B4C-10D14792100E}"
EndProject
Project("{2150E333-8FDC-42A3-9474-1A3956D46DE8}") = "tests", "tests", "{0D84E2A7-9758-4E5D-A835-08B7A86896E0}"
EndProject
Project("{FAE04EC0-301F-11D3-BF4B-00C04F79EFBC}") = "Mundipagg.Connector", "mundipagg\src\Mundipagg.Connector\Mundipagg.Connector.csproj", "{1E2F5298-0627-427F-96F0-C4161903F2A0}"
EndProject
Project("{FAE04EC0-301F-11D3-BF4B-00C04F79EFBC}") = "Stripe.Connector", "stripe\src\Stripe.Connector\Stripe.Connector.csproj", "{C4E7993A-D4D7-4AD6-8F49-06D5FF7D0F74}"
EndProject
Global
	GlobalSection(SolutionConfigurationPlatforms) = preSolution
		Debug|Any CPU = Debug|Any CPU
		Release|Any CPU = Release|Any CPU
	EndGlobalSection
	GlobalSection(ProjectConfigurationPlatforms) = postSolution
		{1E2F5298-0627-427F-96F0-C4161903F2A0}.Debug|Any CPU.ActiveCfg = Debug|Any CPU
		{1E2F5298-0627-427F-96F0-C4161903F2A0}.Debug|Any CPU.Build.0 = Debug|Any CPU
		{1E2F5298-0627-427F-96F0-C4161903F2A0}.Release|Any CPU.ActiveCfg = Release|Any CPU
		{1E2F5298-0627-427F-96F0-C4161903F2A0}.Release|Any CPU.Build.0 = Release|Any CPU
		{C4E7993A-D4D7-4AD6-8F49-06D5FF7D0F74}.Debug|Any CPU.ActiveCfg = Debug|Any CPU
		{C4E7993A-D4D7-4AD6-8F49-06D5FF7D0F74}.Debug|Any CPU.Build.0 = Debug|Any CPU
		{C4E7993A-D4D7-4AD6-8F49-06D5FF7D0F74}.Release|Any CPU.ActiveCfg = Release|Any CPU
		{C4E7993A-D4D7-4AD6-8F49-06D5FF7D0F74}.Release|Any CPU.Build.0 = Release|Any CPU
	EndGlobalSection
	GlobalSection(SolutionProperties) = preSolution
		HideSolutionNode = FALSE
	EndGlobalSection
	GlobalSection(NestedProjects) = preSolution
		{F48E63FF-DBB8-4898-AD9C-DDBDDE30133E} = {7EBA7740-FE8F-428C-9439-DA11B484E1D0}
		{0246BC52-8E3D-4417-B096-8DE9A0082819} = {7EBA7740-FE8F-428C-9439-DA11B484E1D0}
		{7B3381C5-BC2F-4CA6-9B4C-10D14792100E} = {FEBE792A-0229-4A28-95DD-4174B84D555A}
		{0D84E2A7-9758-4E5D-A835-08B7A86896E0} = {FEBE792A-0229-4A28-95DD-4174B84D555A}
		{1E2F5298-0627-427F-96F0-C4161903F2A0} = {F48E63FF-DBB8-4898-AD9C-DDBDDE30133E}
		{C4E7993A-D4D7-4AD6-8F49-06D5FF7D0F74} = {7B3381C5-BC2F-4CA6-9B4C-10D14792100E}
	EndGlobalSection
EndGlobal
